
Microsoft Visual Studio Solution File, Format Version 12.00
# Visual Studio Version 17
VisualStudioVersion = 17.3.32804.467
MinimumVisualStudioVersion = 10.0.40219.1
Project("{FAE04EC0-301F-11D3-BF4B-00C04F79EFBC}") = "Ej1,2", "Ej1,2.csproj", "{727825DE-7D19-4BDC-9EF5-BD48BBD947FA}"
EndProject
Global
	GlobalSection(SolutionConfigurationPlatforms) = preSolution
		Debug|Any CPU = Debug|Any CPU
		Release|Any CPU = Release|Any CPU
	EndGlobalSection
	GlobalSection(ProjectConfigurationPlatforms) = postSolution
		{727825DE-7D19-4BDC-9EF5-BD48BBD947FA}.Debug|Any CPU.ActiveCfg = Debug|Any CPU
		{727825DE-7D19-4BDC-9EF5-BD48BBD947FA}.Debug|Any CPU.Build.0 = Debug|Any CPU
		{727825DE-7D19-4BDC-9EF5-BD48BBD947FA}.Release|Any CPU.ActiveCfg = Release|Any CPU
		{727825DE-7D19-4BDC-9EF5-BD48BBD947FA}.Release|Any CPU.Build.0 = Release|Any CPU
	EndGlobalSection
	GlobalSection(SolutionProperties) = preSolution
		HideSolutionNode = FALSE
	EndGlobalSection
	GlobalSection(ExtensibilityGlobals) = postSolution
		SolutionGuid = {5B68DFE0-14E4-48AA-BE09-0E2088694830}
	EndGlobalSection
EndGlobal
